
Microsoft Visual Studio Solution File, Format Version 12.00
# Visual Studio 2013
VisualStudioVersion = 12.0.31101.0
MinimumVisualStudioVersion = 10.0.40219.1
Project("{FAE04EC0-301F-11D3-BF4B-00C04F79EFBC}") = "nmct.ba.cashlessproject.ui", "nmct.ba.cashlessproject.ui\nmct.ba.cashlessproject.ui.csproj", "{F41A6F7F-B98A-400E-AD01-51B1A0F4F95B}"
EndProject
Project("{FAE04EC0-301F-11D3-BF4B-00C04F79EFBC}") = "nmct.ba.cashlessproject.api", "nmct.ba.cashlessproject.api\nmct.ba.cashlessproject.api.csproj", "{8C329BCE-7EEB-4EC2-8528-FA1E4B22556A}"
EndProject
Project("{FAE04EC0-301F-11D3-BF4B-00C04F79EFBC}") = "nmct.ba.cashlessproject.model", "nmct.ba.cashlessproject.model\nmct.ba.cashlessproject.model.csproj", "{FCD0BF1E-BE91-407F-AB5B-713CA866C91F}"
EndProject
Project("{FAE04EC0-301F-11D3-BF4B-00C04F79EFBC}") = "nmct.ssa.cashlessproject.webapp", "nmct.ssa.cashlessproject.webapp\nmct.ssa.cashlessproject.webapp.csproj", "{09A1A459-67C0-47C8-9316-124203CFBCA6}"
EndProject
Project("{FAE04EC0-301F-11D3-BF4B-00C04F79EFBC}") = "nmct.ba.cashlessproject.salesapp", "nmct.ba.cashlessproject.salesapp\nmct.ba.cashlessproject.salesapp.csproj", "{5CBEA154-B93B-4757-9D54-D17C0AEB5663}"
EndProject
Project("{FAE04EC0-301F-11D3-BF4B-00C04F79EFBC}") = "nmct.ba.cashlessproject.registerapp", "nmct.ba.cashlessproject.registerapp\nmct.ba.cashlessproject.registerapp.csproj", "{027B2B78-5339-48AB-86AE-C8BAEEA321C6}"
EndProject
Global
	GlobalSection(SolutionConfigurationPlatforms) = preSolution
		Debug|Any CPU = Debug|Any CPU
		Debug|Mixed Platforms = Debug|Mixed Platforms
		Debug|x86 = Debug|x86
		Release|Any CPU = Release|Any CPU
		Release|Mixed Platforms = Release|Mixed Platforms
		Release|x86 = Release|x86
	EndGlobalSection
	GlobalSection(ProjectConfigurationPlatforms) = postSolution
		{F41A6F7F-B98A-400E-AD01-51B1A0F4F95B}.Debug|Any CPU.ActiveCfg = Debug|Any CPU
		{F41A6F7F-B98A-400E-AD01-51B1A0F4F95B}.Debug|Any CPU.Build.0 = Debug|Any CPU
		{F41A6F7F-B98A-400E-AD01-51B1A0F4F95B}.Debug|Mixed Platforms.ActiveCfg = Debug|Any CPU
		{F41A6F7F-B98A-400E-AD01-51B1A0F4F95B}.Debug|Mixed Platforms.Build.0 = Debug|Any CPU
		{F41A6F7F-B98A-400E-AD01-51B1A0F4F95B}.Debug|x86.ActiveCfg = Debug|Any CPU
		{F41A6F7F-B98A-400E-AD01-51B1A0F4F95B}.Release|Any CPU.ActiveCfg = Release|Any CPU
		{F41A6F7F-B98A-400E-AD01-51B1A0F4F95B}.Release|Any CPU.Build.0 = Release|Any CPU
		{F41A6F7F-B98A-400E-AD01-51B1A0F4F95B}.Release|Mixed Platforms.ActiveCfg = Release|Any CPU
		{F41A6F7F-B98A-400E-AD01-51B1A0F4F95B}.Release|Mixed Platforms.Build.0 = Release|Any CPU
		{F41A6F7F-B98A-400E-AD01-51B1A0F4F95B}.Release|x86.ActiveCfg = Release|Any CPU
		{8C329BCE-7EEB-4EC2-8528-FA1E4B22556A}.Debug|Any CPU.ActiveCfg = Debug|Any CPU
		{8C329BCE-7EEB-4EC2-8528-FA1E4B22556A}.Debug|Any CPU.Build.0 = Debug|Any CPU
		{8C329BCE-7EEB-4EC2-8528-FA1E4B22556A}.Debug|Mixed Platforms.ActiveCfg = Debug|Any CPU
		{8C329BCE-7EEB-4EC2-8528-FA1E4B22556A}.Debug|Mixed Platforms.Build.0 = Debug|Any CPU
		{8C329BCE-7EEB-4EC2-8528-FA1E4B22556A}.Debug|x86.ActiveCfg = Debug|Any CPU
		{8C329BCE-7EEB-4EC2-8528-FA1E4B22556A}.Release|Any CPU.ActiveCfg = Release|Any CPU
		{8C329BCE-7EEB-4EC2-8528-FA1E4B22556A}.Release|Any CPU.Build.0 = Release|Any CPU
		{8C329BCE-7EEB-4EC2-8528-FA1E4B22556A}.Release|Mixed Platforms.ActiveCfg = Release|Any CPU
		{8C329BCE-7EEB-4EC2-8528-FA1E4B22556A}.Release|Mixed Platforms.Build.0 = Release|Any CPU
		{8C329BCE-7EEB-4EC2-8528-FA1E4B22556A}.Release|x86.ActiveCfg = Release|Any CPU
		{FCD0BF1E-BE91-407F-AB5B-713CA866C91F}.Debug|Any CPU.ActiveCfg = Debug|Any CPU
		{FCD0BF1E-BE91-407F-AB5B-713CA866C91F}.Debug|Any CPU.Build.0 = Debug|Any CPU
		{FCD0BF1E-BE91-407F-AB5B-713CA866C91F}.Debug|Mixed Platforms.ActiveCfg = Debug|Any CPU
		{FCD0BF1E-BE91-407F-AB5B-713CA866C91F}.Debug|Mixed Platforms.Build.0 = Debug|Any CPU
		{FCD0BF1E-BE91-407F-AB5B-713CA866C91F}.Debug|x86.ActiveCfg = Debug|Any CPU
		{FCD0BF1E-BE91-407F-AB5B-713CA866C91F}.Release|Any CPU.ActiveCfg = Release|Any CPU
		{FCD0BF1E-BE91-407F-AB5B-713CA866C91F}.Release|Any CPU.Build.0 = Release|Any CPU
		{FCD0BF1E-BE91-407F-AB5B-713CA866C91F}.Release|Mixed Platforms.ActiveCfg = Release|Any CPU
		{FCD0BF1E-BE91-407F-AB5B-713CA866C91F}.Release|Mixed Platforms.Build.0 = Release|Any CPU
		{FCD0BF1E-BE91-407F-AB5B-713CA866C91F}.Release|x86.ActiveCfg = Release|Any CPU
		{09A1A459-67C0-47C8-9316-124203CFBCA6}.Debug|Any CPU.ActiveCfg = Debug|Any CPU
		{09A1A459-67C0-47C8-9316-124203CFBCA6}.Debug|Any CPU.Build.0 = Debug|Any CPU
		{09A1A459-67C0-47C8-9316-124203CFBCA6}.Debug|Mixed Platforms.ActiveCfg = Debug|Any CPU
		{09A1A459-67C0-47C8-9316-124203CFBCA6}.Debug|Mixed Platforms.Build.0 = Debug|Any CPU
		{09A1A459-67C0-47C8-9316-124203CFBCA6}.Debug|x86.ActiveCfg = Debug|Any CPU
		{09A1A459-67C0-47C8-9316-124203CFBCA6}.Release|Any CPU.ActiveCfg = Release|Any CPU
		{09A1A459-67C0-47C8-9316-124203CFBCA6}.Release|Any CPU.Build.0 = Release|Any CPU
		{09A1A459-67C0-47C8-9316-124203CFBCA6}.Release|Mixed Platforms.ActiveCfg = Release|Any CPU
		{09A1A459-67C0-47C8-9316-124203CFBCA6}.Release|Mixed Platforms.Build.0 = Release|Any CPU
		{09A1A459-67C0-47C8-9316-124203CFBCA6}.Release|x86.ActiveCfg = Release|Any CPU
		{5CBEA154-B93B-4757-9D54-D17C0AEB5663}.Debug|Any CPU.ActiveCfg = Debug|Any CPU
		{5CBEA154-B93B-4757-9D54-D17C0AEB5663}.Debug|Any CPU.Build.0 = Debug|Any CPU
		{5CBEA154-B93B-4757-9D54-D17C0AEB5663}.Debug|Mixed Platforms.ActiveCfg = Debug|Any CPU
		{5CBEA154-B93B-4757-9D54-D17C0AEB5663}.Debug|Mixed Platforms.Build.0 = Debug|Any CPU
		{5CBEA154-B93B-4757-9D54-D17C0AEB5663}.Debug|x86.ActiveCfg = Debug|Any CPU
		{5CBEA154-B93B-4757-9D54-D17C0AEB5663}.Release|Any CPU.ActiveCfg = Release|Any CPU
		{5CBEA154-B93B-4757-9D54-D17C0AEB5663}.Release|Any CPU.Build.0 = Release|Any CPU
		{5CBEA154-B93B-4757-9D54-D17C0AEB5663}.Release|Mixed Platforms.ActiveCfg = Release|Any CPU
		{5CBEA154-B93B-4757-9D54-D17C0AEB5663}.Release|Mixed Platforms.Build.0 = Release|Any CPU
		{5CBEA154-B93B-4757-9D54-D17C0AEB5663}.Release|x86.ActiveCfg = Release|Any CPU
		{027B2B78-5339-48AB-86AE-C8BAEEA321C6}.Debug|Any CPU.ActiveCfg = Debug|Any CPU
		{027B2B78-5339-48AB-86AE-C8BAEEA321C6}.Debug|Any CPU.Build.0 = Debug|Any CPU
		{027B2B78-5339-48AB-86AE-C8BAEEA321C6}.Debug|Mixed Platforms.ActiveCfg = Debug|Any CPU
		{027B2B78-5339-48AB-86AE-C8BAEEA321C6}.Debug|Mixed Platforms.Build.0 = Debug|Any CPU
		{027B2B78-5339-48AB-86AE-C8BAEEA321C6}.Debug|x86.ActiveCfg = Debug|Any CPU
		{027B2B78-5339-48AB-86AE-C8BAEEA321C6}.Release|Any CPU.ActiveCfg = Release|Any CPU
		{027B2B78-5339-48AB-86AE-C8BAEEA321C6}.Release|Any CPU.Build.0 = Release|Any CPU
		{027B2B78-5339-48AB-86AE-C8BAEEA321C6}.Release|Mixed Platforms.ActiveCfg = Release|Any CPU
		{027B2B78-5339-48AB-86AE-C8BAEEA321C6}.Release|Mixed Platforms.Build.0 = Release|Any CPU
		{027B2B78-5339-48AB-86AE-C8BAEEA321C6}.Release|x86.ActiveCfg = Release|Any CPU
	EndGlobalSection
	GlobalSection(SolutionProperties) = preSolution
		HideSolutionNode = FALSE
	EndGlobalSection
EndGlobal
