
Microsoft Visual Studio Solution File, Format Version 12.00
# Visual Studio 2013
VisualStudioVersion = 12.0.31101.0
MinimumVisualStudioVersion = 10.0.40219.1
Project("{FAE04EC0-301F-11D3-BF4B-00C04F79EFBC}") = "nmct.ba.cashlessproject.ui", "nmct.ba.cashlessproject.ui\nmct.ba.cashlessproject.ui.csproj", "{F41A6F7F-B98A-400E-AD01-51B1A0F4F95B}"
EndProject
Project("{FAE04EC0-301F-11D3-BF4B-00C04F79EFBC}") = "nmct.ba.cashlessproject.api", "nmct.ba.cashlessproject.api\nmct.ba.cashlessproject.api.csproj", "{8C329BCE-7EEB-4EC2-8528-FA1E4B22556A}"
EndProject
Project("{FAE04EC0-301F-11D3-BF4B-00C04F79EFBC}") = "nmct.ba.cashlessproject.model", "nmct.ba.cashlessproject.model\nmct.ba.cashlessproject.model.csproj", "{FCD0BF1E-BE91-407F-AB5B-713CA866C91F}"
EndProject
Global
	GlobalSection(SolutionConfigurationPlatforms) = preSolution
		Debug|Any CPU = Debug|Any CPU
		Release|Any CPU = Release|Any CPU
	EndGlobalSection
	GlobalSection(ProjectConfigurationPlatforms) = postSolution
		{F41A6F7F-B98A-400E-AD01-51B1A0F4F95B}.Debug|Any CPU.ActiveCfg = Debug|Any CPU
		{F41A6F7F-B98A-400E-AD01-51B1A0F4F95B}.Debug|Any CPU.Build.0 = Debug|Any CPU
		{F41A6F7F-B98A-400E-AD01-51B1A0F4F95B}.Release|Any CPU.ActiveCfg = Release|Any CPU
		{F41A6F7F-B98A-400E-AD01-51B1A0F4F95B}.Release|Any CPU.Build.0 = Release|Any CPU
		{8C329BCE-7EEB-4EC2-8528-FA1E4B22556A}.Debug|Any CPU.ActiveCfg = Debug|Any CPU
		{8C329BCE-7EEB-4EC2-8528-FA1E4B22556A}.Debug|Any CPU.Build.0 = Debug|Any CPU
		{8C329BCE-7EEB-4EC2-8528-FA1E4B22556A}.Release|Any CPU.ActiveCfg = Release|Any CPU
		{8C329BCE-7EEB-4EC2-8528-FA1E4B22556A}.Release|Any CPU.Build.0 = Release|Any CPU
		{FCD0BF1E-BE91-407F-AB5B-713CA866C91F}.Debug|Any CPU.ActiveCfg = Debug|Any CPU
		{FCD0BF1E-BE91-407F-AB5B-713CA866C91F}.Debug|Any CPU.Build.0 = Debug|Any CPU
		{FCD0BF1E-BE91-407F-AB5B-713CA866C91F}.Release|Any CPU.ActiveCfg = Release|Any CPU
		{FCD0BF1E-BE91-407F-AB5B-713CA866C91F}.Release|Any CPU.Build.0 = Release|Any CPU
	EndGlobalSection
	GlobalSection(SolutionProperties) = preSolution
		HideSolutionNode = FALSE
	EndGlobalSection
EndGlobal
